{
  "name": "MenuManager",
  "lockfileVersion": 3,
  "requires": true,
  "packages": {
    "": {
      "dependencies": {
        "inputmask": "^5.0.9"
      }
    },
    "node_modules/inputmask": {
      "version": "5.0.9",
      "resolved": "https://registry.npmjs.org/inputmask/-/inputmask-5.0.9.tgz",
      "integrity": "sha512-s0lUfqcEbel+EQXtehXqwCJGShutgieOaIImFKC/r4reYNvX3foyrChl6LOEvaEgxEbesePIrw1Zi2jhZaDZbQ==",
      "license": "MIT"
    }
  }
}
